
Microsoft Visual Studio Solution File, Format Version 12.00
# Visual Studio Version 17
VisualStudioVersion = 17.9.34701.34
MinimumVisualStudioVersion = 10.0.40219.1
Project("{FAE04EC0-301F-11D3-BF4B-00C04F79EFBC}") = "CRUD_EF_LINQ", "CRUD_EF_LINQ\CRUD_EF_LINQ.csproj", "{94456CBA-8FC8-48EA-9F79-CAB2FA77013B}"
EndProject
Global
	GlobalSection(SolutionConfigurationPlatforms) = preSolution
		Debug|Any CPU = Debug|Any CPU
		Release|Any CPU = Release|Any CPU
	EndGlobalSection
	GlobalSection(ProjectConfigurationPlatforms) = postSolution
		{94456CBA-8FC8-48EA-9F79-CAB2FA77013B}.Debug|Any CPU.ActiveCfg = Debug|Any CPU
		{94456CBA-8FC8-48EA-9F79-CAB2FA77013B}.Debug|Any CPU.Build.0 = Debug|Any CPU
		{94456CBA-8FC8-48EA-9F79-CAB2FA77013B}.Release|Any CPU.ActiveCfg = Release|Any CPU
		{94456CBA-8FC8-48EA-9F79-CAB2FA77013B}.Release|Any CPU.Build.0 = Release|Any CPU
	EndGlobalSection
	GlobalSection(SolutionProperties) = preSolution
		HideSolutionNode = FALSE
	EndGlobalSection
	GlobalSection(ExtensibilityGlobals) = postSolution
		SolutionGuid = {441F3F01-F19E-410B-8D43-F7BB11A23835}
	EndGlobalSection
EndGlobal
